
Microsoft Visual Studio Solution File, Format Version 12.00
# Visual Studio 15
VisualStudioVersion = 15.0.27703.2047
MinimumVisualStudioVersion = 10.0.40219.1
Project("{888888A0-9F3D-457C-B088-3A5042F75D52}") = "Factoral Calculator", "Factoral Calculator\Factoral Calculator.pyproj", "{7D5954B0-106F-4BC4-9F3F-344126E846C7}"
EndProject
Global
	GlobalSection(SolutionConfigurationPlatforms) = preSolution
		Debug|Any CPU = Debug|Any CPU
		Release|Any CPU = Release|Any CPU
	EndGlobalSection
	GlobalSection(ProjectConfigurationPlatforms) = postSolution
		{7D5954B0-106F-4BC4-9F3F-344126E846C7}.Debug|Any CPU.ActiveCfg = Debug|Any CPU
		{7D5954B0-106F-4BC4-9F3F-344126E846C7}.Release|Any CPU.ActiveCfg = Release|Any CPU
	EndGlobalSection
	GlobalSection(SolutionProperties) = preSolution
		HideSolutionNode = FALSE
	EndGlobalSection
	GlobalSection(ExtensibilityGlobals) = postSolution
		SolutionGuid = {0C4BB2D4-B780-4B35-BBF9-6626995CDA8A}
	EndGlobalSection
EndGlobal
